
Microsoft Visual Studio Solution File, Format Version 12.00
# Visual Studio Version 16
VisualStudioVersion = 16.0.32407.337
MinimumVisualStudioVersion = 10.0.40219.1
Project("{2150E333-8FDC-42A3-9474-1A3956D46DE8}") = "Graph", "Graph", "{8CC1F563-174C-4E03-9E45-D0683ED9F999}"
EndProject
Project("{FAE04EC0-301F-11D3-BF4B-00C04F79EFBC}") = "DetectCycleInUndirectedGraphBFS", "Graph\DetectCycleInUndirectedGraphBFS\DetectCycleInUndirectedGraphBFS.csproj", "{AAA7B345-FC31-4129-84DE-FBDFCC9301C7}"
EndProject
Project("{FAE04EC0-301F-11D3-BF4B-00C04F79EFBC}") = "DetectCycleInUndirectedGraphDFS", "Graph\DetectCycleInUndirectedGraphDFS\DetectCycleInUndirectedGraphDFS.csproj", "{8CF4E716-2DEC-4137-86F1-BFC0875BFA65}"
EndProject
Global
	GlobalSection(SolutionConfigurationPlatforms) = preSolution
		Debug|Any CPU = Debug|Any CPU
		Release|Any CPU = Release|Any CPU
	EndGlobalSection
	GlobalSection(ProjectConfigurationPlatforms) = postSolution
		{AAA7B345-FC31-4129-84DE-FBDFCC9301C7}.Debug|Any CPU.ActiveCfg = Debug|Any CPU
		{AAA7B345-FC31-4129-84DE-FBDFCC9301C7}.Debug|Any CPU.Build.0 = Debug|Any CPU
		{AAA7B345-FC31-4129-84DE-FBDFCC9301C7}.Release|Any CPU.ActiveCfg = Release|Any CPU
		{AAA7B345-FC31-4129-84DE-FBDFCC9301C7}.Release|Any CPU.Build.0 = Release|Any CPU
		{8CF4E716-2DEC-4137-86F1-BFC0875BFA65}.Debug|Any CPU.ActiveCfg = Debug|Any CPU
		{8CF4E716-2DEC-4137-86F1-BFC0875BFA65}.Debug|Any CPU.Build.0 = Debug|Any CPU
		{8CF4E716-2DEC-4137-86F1-BFC0875BFA65}.Release|Any CPU.ActiveCfg = Release|Any CPU
		{8CF4E716-2DEC-4137-86F1-BFC0875BFA65}.Release|Any CPU.Build.0 = Release|Any CPU
	EndGlobalSection
	GlobalSection(SolutionProperties) = preSolution
		HideSolutionNode = FALSE
	EndGlobalSection
	GlobalSection(NestedProjects) = preSolution
		{AAA7B345-FC31-4129-84DE-FBDFCC9301C7} = {8CC1F563-174C-4E03-9E45-D0683ED9F999}
		{8CF4E716-2DEC-4137-86F1-BFC0875BFA65} = {8CC1F563-174C-4E03-9E45-D0683ED9F999}
	EndGlobalSection
	GlobalSection(ExtensibilityGlobals) = postSolution
		SolutionGuid = {9C6DB684-5C97-403E-AD92-2709A592D9B4}
	EndGlobalSection
EndGlobal
